
Microsoft Visual Studio Solution File, Format Version 12.00
# Visual Studio Version 17
VisualStudioVersion = 17.11.35303.130
MinimumVisualStudioVersion = 10.0.40219.1
Project("{FAE04EC0-301F-11D3-BF4B-00C04F79EFBC}") = "WinFormsChapter4Demo", "WinFormsChapter4Demo\WinFormsChapter4Demo.csproj", "{0113C61E-8AED-4A6C-AD28-60DFB28239B1}"
EndProject
Global
	GlobalSection(SolutionConfigurationPlatforms) = preSolution
		Debug|Any CPU = Debug|Any CPU
		Release|Any CPU = Release|Any CPU
	EndGlobalSection
	GlobalSection(ProjectConfigurationPlatforms) = postSolution
		{0113C61E-8AED-4A6C-AD28-60DFB28239B1}.Debug|Any CPU.ActiveCfg = Debug|Any CPU
		{0113C61E-8AED-4A6C-AD28-60DFB28239B1}.Debug|Any CPU.Build.0 = Debug|Any CPU
		{0113C61E-8AED-4A6C-AD28-60DFB28239B1}.Release|Any CPU.ActiveCfg = Release|Any CPU
		{0113C61E-8AED-4A6C-AD28-60DFB28239B1}.Release|Any CPU.Build.0 = Release|Any CPU
	EndGlobalSection
	GlobalSection(SolutionProperties) = preSolution
		HideSolutionNode = FALSE
	EndGlobalSection
	GlobalSection(ExtensibilityGlobals) = postSolution
		SolutionGuid = {65D96762-716C-4D4D-A98F-E477A40A23DE}
	EndGlobalSection
EndGlobal
